
Microsoft Visual Studio Solution File, Format Version 12.00
# Visual Studio Version 17
VisualStudioVersion = 17.2.32630.192
MinimumVisualStudioVersion = 10.0.40219.1
Project("{FAE04EC0-301F-11D3-BF4B-00C04F79EFBC}") = "ValosModeler", "ValosModeler.csproj", "{573B086E-5018-4031-8884-4F72F2B4A468}"
EndProject
Global
	GlobalSection(SolutionConfigurationPlatforms) = preSolution
		Debug|Any CPU = Debug|Any CPU
		Release|Any CPU = Release|Any CPU
	EndGlobalSection
	GlobalSection(ProjectConfigurationPlatforms) = postSolution
		{573B086E-5018-4031-8884-4F72F2B4A468}.Debug|Any CPU.ActiveCfg = Debug|Any CPU
		{573B086E-5018-4031-8884-4F72F2B4A468}.Debug|Any CPU.Build.0 = Debug|Any CPU
		{573B086E-5018-4031-8884-4F72F2B4A468}.Release|Any CPU.ActiveCfg = Release|Any CPU
		{573B086E-5018-4031-8884-4F72F2B4A468}.Release|Any CPU.Build.0 = Release|Any CPU
	EndGlobalSection
	GlobalSection(SolutionProperties) = preSolution
		HideSolutionNode = FALSE
	EndGlobalSection
	GlobalSection(ExtensibilityGlobals) = postSolution
		SolutionGuid = {4D793D3C-50DD-4FDF-B73D-2C09FD374891}
	EndGlobalSection
EndGlobal
